
Microsoft Visual Studio Solution File, Format Version 12.00
# Visual Studio Version 17
VisualStudioVersion = 17.14.37502.11
MinimumVisualStudioVersion = 10.0.40219.1
Project("{FAE04EC0-301F-11D3-BF4B-00C04F79EFBC}") = "TL_BT01", "TL_BT01\TL_BT01.csproj", "{B22C81F5-1594-44EE-94CD-FB1D3D0633A4}"
EndProject
Project("{FAE04EC0-301F-11D3-BF4B-00C04F79EFBC}") = "TL_BT02", "TL_BT02\TL_BT02.csproj", "{40AECAC4-9849-47B0-9AEA-8F2B742A9173}"
EndProject
Project("{FAE04EC0-301F-11D3-BF4B-00C04F79EFBC}") = "TL_BT03", "TL_BT03\TL_BT03.csproj", "{B58F984E-9DC4-47AB-BCCF-C85BCEC2FC32}"
EndProject
Project("{FAE04EC0-301F-11D3-BF4B-00C04F79EFBC}") = "TL_BT04", "TL_BT04\TL_BT04.csproj", "{BF8B4755-A633-4D1B-B0CF-51A23F958438}"
EndProject
Project("{FAE04EC0-301F-11D3-BF4B-00C04F79EFBC}") = "TL_BT05", "TL_BT05\TL_BT05.csproj", "{B0B4A62A-EC31-4379-BFAA-93E1FB34B3A9}"
EndProject
Project("{FAE04EC0-301F-11D3-BF4B-00C04F79EFBC}") = "TL_BT06", "TL_BT06\TL_BT06.csproj", "{0D89966B-0CE2-4EF9-A31E-3B6C3FE5830C}"
EndProject
Project("{FAE04EC0-301F-11D3-BF4B-00C04F79EFBC}") = "TL_BT07", "TL_BT07\TL_BT07.csproj", "{835113E5-577E-4EE6-8BDF-4A53C9608AE5}"
EndProject
Global
	GlobalSection(SolutionConfigurationPlatforms) = preSolution
		Debug|Any CPU = Debug|Any CPU
		Release|Any CPU = Release|Any CPU
	EndGlobalSection
	GlobalSection(ProjectConfigurationPlatforms) = postSolution
		{B22C81F5-1594-44EE-94CD-FB1D3D0633A4}.Debug|Any CPU.ActiveCfg = Debug|Any CPU
		{B22C81F5-1594-44EE-94CD-FB1D3D0633A4}.Debug|Any CPU.Build.0 = Debug|Any CPU
		{B22C81F5-1594-44EE-94CD-FB1D3D0633A4}.Release|Any CPU.ActiveCfg = Release|Any CPU
		{B22C81F5-1594-44EE-94CD-FB1D3D0633A4}.Release|Any CPU.Build.0 = Release|Any CPU
		{40AECAC4-9849-47B0-9AEA-8F2B742A9173}.Debug|Any CPU.ActiveCfg = Debug|Any CPU
		{40AECAC4-9849-47B0-9AEA-8F2B742A9173}.Debug|Any CPU.Build.0 = Debug|Any CPU
		{40AECAC4-9849-47B0-9AEA-8F2B742A9173}.Release|Any CPU.ActiveCfg = Release|Any CPU
		{40AECAC4-9849-47B0-9AEA-8F2B742A9173}.Release|Any CPU.Build.0 = Release|Any CPU
		{B58F984E-9DC4-47AB-BCCF-C85BCEC2FC32}.Debug|Any CPU.ActiveCfg = Debug|Any CPU
		{B58F984E-9DC4-47AB-BCCF-C85BCEC2FC32}.Debug|Any CPU.Build.0 = Debug|Any CPU
		{B58F984E-9DC4-47AB-BCCF-C85BCEC2FC32}.Release|Any CPU.ActiveCfg = Release|Any CPU
		{B58F984E-9DC4-47AB-BCCF-C85BCEC2FC32}.Release|Any CPU.Build.0 = Release|Any CPU
		{BF8B4755-A633-4D1B-B0CF-51A23F958438}.Debug|Any CPU.ActiveCfg = Debug|Any CPU
		{BF8B4755-A633-4D1B-B0CF-51A23F958438}.Debug|Any CPU.Build.0 = Debug|Any CPU
		{BF8B4755-A633-4D1B-B0CF-51A23F958438}.Release|Any CPU.ActiveCfg = Release|Any CPU
		{BF8B4755-A633-4D1B-B0CF-51A23F958438}.Release|Any CPU.Build.0 = Release|Any CPU
		{B0B4A62A-EC31-4379-BFAA-93E1FB34B3A9}.Debug|Any CPU.ActiveCfg = Debug|Any CPU
		{B0B4A62A-EC31-4379-BFAA-93E1FB34B3A9}.Debug|Any CPU.Build.0 = Debug|Any CPU
		{B0B4A62A-EC31-4379-BFAA-93E1FB34B3A9}.Release|Any CPU.ActiveCfg = Release|Any CPU
		{B0B4A62A-EC31-4379-BFAA-93E1FB34B3A9}.Release|Any CPU.Build.0 = Release|Any CPU
		{0D89966B-0CE2-4EF9-A31E-3B6C3FE5830C}.Debug|Any CPU.ActiveCfg = Debug|Any CPU
		{0D89966B-0CE2-4EF9-A31E-3B6C3FE5830C}.Debug|Any CPU.Build.0 = Debug|Any CPU
		{0D89966B-0CE2-4EF9-A31E-3B6C3FE5830C}.Release|Any CPU.ActiveCfg = Release|Any CPU
		{0D89966B-0CE2-4EF9-A31E-3B6C3FE5830C}.Release|Any CPU.Build.0 = Release|Any CPU
		{835113E5-577E-4EE6-8BDF-4A53C9608AE5}.Debug|Any CPU.ActiveCfg = Debug|Any CPU
		{835113E5-577E-4EE6-8BDF-4A53C9608AE5}.Debug|Any CPU.Build.0 = Debug|Any CPU
		{835113E5-577E-4EE6-8BDF-4A53C9608AE5}.Release|Any CPU.ActiveCfg = Release|Any CPU
		{835113E5-577E-4EE6-8BDF-4A53C9608AE5}.Release|Any CPU.Build.0 = Release|Any CPU
	EndGlobalSection
	GlobalSection(SolutionProperties) = preSolution
		HideSolutionNode = FALSE
	EndGlobalSection
	GlobalSection(ExtensibilityGlobals) = postSolution
		SolutionGuid = {195833AF-725D-4076-ACF3-5A72281A3FB5}
	EndGlobalSection
EndGlobal
